
Microsoft Visual Studio Solution File, Format Version 12.00
# Visual Studio Version 16
VisualStudioVersion = 16.0.31613.86
MinimumVisualStudioVersion = 10.0.40219.1
Project("{FAE04EC0-301F-11D3-BF4B-00C04F79EFBC}") = "Plugin Runner", "Plugin Runner\Plugin Runner.csproj", "{03A260C1-9C34-45B9-B582-BEC36AAA8976}"
EndProject
Project("{FAE04EC0-301F-11D3-BF4B-00C04F79EFBC}") = "Plugin", "Plugin\Plugin.csproj", "{242C9B0B-E3A2-4DC8-934F-27866F444A61}"
EndProject
Project("{FAE04EC0-301F-11D3-BF4B-00C04F79EFBC}") = "Plugin Template", "Plugin Template\Plugin Template.csproj", "{3663ABF9-EC0D-4907-A2E6-72423F2A158B}"
EndProject
Global
	GlobalSection(SolutionConfigurationPlatforms) = preSolution
		Debug|Any CPU = Debug|Any CPU
		Release|Any CPU = Release|Any CPU
	EndGlobalSection
	GlobalSection(ProjectConfigurationPlatforms) = postSolution
		{03A260C1-9C34-45B9-B582-BEC36AAA8976}.Debug|Any CPU.ActiveCfg = Debug|Any CPU
		{03A260C1-9C34-45B9-B582-BEC36AAA8976}.Debug|Any CPU.Build.0 = Debug|Any CPU
		{03A260C1-9C34-45B9-B582-BEC36AAA8976}.Release|Any CPU.ActiveCfg = Release|Any CPU
		{03A260C1-9C34-45B9-B582-BEC36AAA8976}.Release|Any CPU.Build.0 = Release|Any CPU
		{242C9B0B-E3A2-4DC8-934F-27866F444A61}.Debug|Any CPU.ActiveCfg = Debug|Any CPU
		{242C9B0B-E3A2-4DC8-934F-27866F444A61}.Debug|Any CPU.Build.0 = Debug|Any CPU
		{242C9B0B-E3A2-4DC8-934F-27866F444A61}.Release|Any CPU.ActiveCfg = Release|Any CPU
		{242C9B0B-E3A2-4DC8-934F-27866F444A61}.Release|Any CPU.Build.0 = Release|Any CPU
		{3663ABF9-EC0D-4907-A2E6-72423F2A158B}.Debug|Any CPU.ActiveCfg = Debug|Any CPU
		{3663ABF9-EC0D-4907-A2E6-72423F2A158B}.Debug|Any CPU.Build.0 = Debug|Any CPU
		{3663ABF9-EC0D-4907-A2E6-72423F2A158B}.Release|Any CPU.ActiveCfg = Release|Any CPU
		{3663ABF9-EC0D-4907-A2E6-72423F2A158B}.Release|Any CPU.Build.0 = Release|Any CPU
	EndGlobalSection
	GlobalSection(SolutionProperties) = preSolution
		HideSolutionNode = FALSE
	EndGlobalSection
	GlobalSection(ExtensibilityGlobals) = postSolution
		SolutionGuid = {025CED3A-7CCF-4EBB-9FBF-1A730253D826}
	EndGlobalSection
EndGlobal
